<?xml version="1.0"?>
<CONFIG>
  <ProjectOptions>
    <General>
      <ProjectType Value="Custom program"/>
      <MainUnit Value="0"/>
      <ActiveEditorIndexAtStart Value="8"/>
      <IconPath Value="./"/>
      <TargetFileExt Value=""/>
      <Title Value="app_sql"/>
      <OutputDirectory Value="."/>
      <UnitOutputDirectory Value="."/>
    </General>
    <JumpHistory Count="4" HistoryIndex="3">
      <Position1>
        <Filename Value="sqldb.pas"/>
        <Caret Line="390" Column="37" TopLine="382"/>
      </Position1>
      <Position2>
        <Filename Value="sqluis.pas"/>
        <Caret Line="12" Column="35" TopLine="1"/>
      </Position2>
      <Position3>
        <Filename Value="sqluis.pas"/>
        <Caret Line="20" Column="41" TopLine="1"/>
      </Position3>
      <Position4>
        <Filename Value="sqluis.pas"/>
        <Caret Line="25" Column="22" TopLine="2"/>
      </Position4>
    </JumpHistory>
    <Units Count="20">
      <Unit0>
        <CursorPos X="41" Y="118"/>
        <EditorIndex Value="0"/>
        <Filename Value="app_sql.dpr"/>
        <IsPartOfProject Value="True"/>
        <Loaded Value="True"/>
        <TopLine Value="106"/>
        <UnitName Value="app_sql"/>
        <UsageCount Value="39"/>
      </Unit0>
      <Unit1>
        <CursorPos X="1" Y="33"/>
        <Filename Value="prjlptk.pas"/>
        <TopLine Value="22"/>
        <UnitName Value="prjlptk"/>
        <UsageCount Value="18"/>
      </Unit1>
      <Unit2>
        <CursorPos X="19" Y="126"/>
        <EditorIndex Value="11"/>
        <Filename Value="wgbutton.pas"/>
        <Loaded Value="True"/>
        <TopLine Value="91"/>
        <UnitName Value="wgbutton"/>
        <UsageCount Value="18"/>
      </Unit2>
      <Unit3>
        <CursorPos X="64" Y="70"/>
        <EditorIndex Value="15"/>
        <Filename Value="wgdbgrid.pas"/>
        <Loaded Value="True"/>
        <TopLine Value="56"/>
        <UnitName Value="wgdbgrid"/>
        <UsageCount Value="18"/>
      </Unit3>
      <Unit4>
        <CursorPos X="3" Y="316"/>
        <EditorIndex Value="13"/>
        <Filename Value="gfxform.pas"/>
        <Loaded Value="True"/>
        <TopLine Value="295"/>
        <UnitName Value="gfxform"/>
        <UsageCount Value="18"/>
      </Unit4>
      <Unit5>
        <CursorPos X="21" Y="110"/>
        <EditorIndex Value="10"/>
        <Filename Value="wgmemo.pas"/>
        <Loaded Value="True"/>
        <TopLine Value="98"/>
        <UnitName Value="wgmemo"/>
        <UsageCount Value="18"/>
      </Unit5>
      <Unit6>
        <CursorPos X="1" Y="25"/>
        <EditorIndex Value="9"/>
        <Filename Value="wggrid.pas"/>
        <Loaded Value="True"/>
        <TopLine Value="6"/>
        <UnitName Value="wggrid"/>
        <UsageCount Value="18"/>
      </Unit6>
      <Unit7>
        <CursorPos X="1" Y="1"/>
        <EditorIndex Value="7"/>
        <Filename Value="sqldb.pas"/>
        <Loaded Value="True"/>
        <TopLine Value="110"/>
        <UnitName Value="sqldb"/>
        <UsageCount Value="18"/>
        <Bookmarks Count="2">
          <Item0 X="34" Y="979" ID="0"/>
          <Item1 X="47" Y="19" ID="1"/>
        </Bookmarks>
      </Unit7>
      <Unit8>
        <CursorPos X="56" Y="244"/>
        <EditorIndex Value="6"/>
        <Filename Value="wgedit.pas"/>
        <Loaded Value="True"/>
        <TopLine Value="222"/>
        <UnitName Value="wgedit"/>
        <UsageCount Value="18"/>
      </Unit8>
      <Unit9>
        <CursorPos X="19" Y="9"/>
        <EditorIndex Value="4"/>
        <Filename Value="gfxbase.pas"/>
        <Loaded Value="True"/>
        <TopLine Value="1"/>
        <UnitName Value="gfxbase"/>
        <UsageCount Value="18"/>
      </Unit9>
      <Unit10>
        <CursorPos X="15" Y="99"/>
        <EditorIndex Value="14"/>
        <Filename Value="gfxwidget.pas"/>
        <Loaded Value="True"/>
        <TopLine Value="79"/>
        <UnitName Value="gfxwidget"/>
        <UsageCount Value="18"/>
      </Unit10>
      <Unit11>
        <CursorPos X="37" Y="44"/>
        <Filename Value="dialogs.pas"/>
        <TopLine Value="42"/>
        <UnitName Value="dialogs"/>
        <UsageCount Value="18"/>
      </Unit11>
      <Unit12>
        <CursorPos X="19" Y="142"/>
        <EditorIndex Value="2"/>
        <Filename Value="wgchoicelist.pas"/>
        <Loaded Value="True"/>
        <TopLine Value="121"/>
        <UnitName Value="wgchoicelist"/>
        <UsageCount Value="14"/>
      </Unit12>
      <Unit13>
        <CursorPos X="45" Y="386"/>
        <EditorIndex Value="3"/>
        <Filename Value="wglistbox.pas"/>
        <Loaded Value="True"/>
        <TopLine Value="380"/>
        <UnitName Value="wglistbox"/>
        <UsageCount Value="14"/>
      </Unit13>
      <Unit14>
        <CursorPos X="29" Y="236"/>
        <EditorIndex Value="12"/>
        <Filename Value="wgscrollbar.pas"/>
        <Loaded Value="True"/>
        <TopLine Value="232"/>
        <UnitName Value="wgscrollbar"/>
        <UsageCount Value="14"/>
      </Unit14>
      <Unit15>
        <CursorPos X="41" Y="36"/>
        <Filename Value="wglabel.pas"/>
        <TopLine Value="32"/>
        <UnitName Value="wglabel"/>
        <UsageCount Value="13"/>
      </Unit15>
      <Unit16>
        <CursorPos X="34" Y="5"/>
        <Filename Value="popupwindow.pas"/>
        <TopLine Value="1"/>
        <UnitName Value="popupwindow"/>
        <UsageCount Value="11"/>
      </Unit16>
      <Unit17>
        <CursorPos X="29" Y="238"/>
        <EditorIndex Value="5"/>
        <Filename Value="messagequeue.pas"/>
        <Loaded Value="True"/>
        <TopLine Value="1"/>
        <UnitName Value="messagequeue"/>
        <UsageCount Value="10"/>
      </Unit17>
      <Unit18>
        <CursorPos X="46" Y="152"/>
        <EditorIndex Value="1"/>
        <Filename Value="gfxstyle.pas"/>
        <Loaded Value="True"/>
        <TopLine Value="122"/>
        <UnitName Value="gfxstyle"/>
        <UsageCount Value="10"/>
      </Unit18>
      <Unit19>
        <CursorPos X="1" Y="276"/>
        <EditorIndex Value="8"/>
        <Filename Value="sqluis.pas"/>
        <Loaded Value="True"/>
        <TopLine Value="266"/>
        <UnitName Value="sqluis"/>
        <UsageCount Value="10"/>
      </Unit19>
    </Units>
    <PublishOptions>
      <Version Value="2"/>
      <DestinationDirectory Value="$(TestDir)/publishedproject/"/>
      <IgnoreBinaries Value="False"/>
    </PublishOptions>
    <RunParams>
      <local>
        <FormatVersion Value="1"/>
        <LaunchingApplication Use="True" PathPlusParams="/usr/X11R6/bin/xterm -T 'Lazarus Run Output' -e bash -i -c '$(TargetCmdLine)'"/>
      </local>
    </RunParams>
  </ProjectOptions>
  <CompilerOptions>
    <SearchPaths>
      <CompilerPath Value="$(CompPath)"/>
      <LCLWidgetType Value="gtk"/>
    </SearchPaths>
  </CompilerOptions>
</CONFIG>
